
Microsoft Visual Studio Solution File, Format Version 12.00
# Visual Studio 15
Project("{FAE04EC0-301F-11D3-BF4B-00C04F79EFBC}") = "dotnet-eureka", "dotnet-eureka.csproj", "{CFAA1BDB-AF56-4E3D-B815-560A5086D683}"
EndProject
Global
	GlobalSection(SolutionConfigurationPlatforms) = preSolution
		Debug|Any CPU = Debug|Any CPU
		Release|Any CPU = Release|Any CPU
	EndGlobalSection
	GlobalSection(ProjectConfigurationPlatforms) = postSolution
		{CFAA1BDB-AF56-4E3D-B815-560A5086D683}.Debug|Any CPU.ActiveCfg = Debug|Any CPU
		{CFAA1BDB-AF56-4E3D-B815-560A5086D683}.Debug|Any CPU.Build.0 = Debug|Any CPU
		{CFAA1BDB-AF56-4E3D-B815-560A5086D683}.Release|Any CPU.ActiveCfg = Release|Any CPU
		{CFAA1BDB-AF56-4E3D-B815-560A5086D683}.Release|Any CPU.Build.0 = Release|Any CPU
	EndGlobalSection
EndGlobal
